
Microsoft Visual Studio Solution File, Format Version 12.00
# Visual Studio Version 17
VisualStudioVersion = 17.9.34607.119
MinimumVisualStudioVersion = 10.0.40219.1
Project("{FAE04EC0-301F-11D3-BF4B-00C04F79EFBC}") = "Prayer Tracking System", "Prayer Tracking System.csproj", "{83118D14-0979-4F13-8B8E-D6FFB6A81A60}"
EndProject
Global
	GlobalSection(SolutionConfigurationPlatforms) = preSolution
		Debug|Any CPU = Debug|Any CPU
		Release|Any CPU = Release|Any CPU
	EndGlobalSection
	GlobalSection(ProjectConfigurationPlatforms) = postSolution
		{83118D14-0979-4F13-8B8E-D6FFB6A81A60}.Debug|Any CPU.ActiveCfg = Debug|Any CPU
		{83118D14-0979-4F13-8B8E-D6FFB6A81A60}.Debug|Any CPU.Build.0 = Debug|Any CPU
		{83118D14-0979-4F13-8B8E-D6FFB6A81A60}.Release|Any CPU.ActiveCfg = Release|Any CPU
		{83118D14-0979-4F13-8B8E-D6FFB6A81A60}.Release|Any CPU.Build.0 = Release|Any CPU
	EndGlobalSection
	GlobalSection(SolutionProperties) = preSolution
		HideSolutionNode = FALSE
	EndGlobalSection
	GlobalSection(ExtensibilityGlobals) = postSolution
		SolutionGuid = {58E408B2-E8D1-419B-AF41-B496B9ACA9B5}
	EndGlobalSection
EndGlobal
